<Solution>
  <Folder Name="/src/">
    <Project Path="src/Interception.Application/Interception.Application.csproj">
      <Build Solution="Debug|*" Project="false" />
    </Project>
    <Project Path="src/Interception.Common/Interception.Common.csproj" Id="b51daf68-24bb-4fc3-bf15-b96109c40988" />
    <Project Path="src/Interception.Desktop.Wpf/Interception.Desktop.Wpf.csproj">
      <Build Solution="Debug|*" Project="false" />
    </Project>
    <Project Path="src/Interception.Domain/Interception.Domain.csproj">
      <Build Solution="Debug|*" Project="false" />
    </Project>
    <Project Path="src/Interception.Infrastructure/Interception.Infrastructure.csproj">
      <Build Solution="Debug|*" Project="false" />
    </Project>
    <Project Path="src/Interception.Web.UI/Interception.Web.UI.csproj">
      <Build Solution="Debug|*" Project="false" />
    </Project>
  </Folder>
  <Folder Name="/tests/">
    <Project Path="tests/Interception.Tests/Interception.Tests.csproj" />
  </Folder>
  <Project Path="docker-compose.dcproj">
    <Build />
  </Project>
</Solution>
